
Microsoft Visual Studio Solution File, Format Version 12.00
# Visual Studio Version 16
VisualStudioVersion = 16.0.28917.181
MinimumVisualStudioVersion = 10.0.40219.1
Project("{FAE04EC0-301F-11D3-BF4B-00C04F79EFBC}") = "PHPSharp", "PHPSharp\PHPSharp.csproj", "{E299B7BC-59BE-423C-AC7F-AF8A7B4EF684}"
EndProject
Global
	GlobalSection(SolutionConfigurationPlatforms) = preSolution
		Debug|Any CPU = Debug|Any CPU
		Release|Any CPU = Release|Any CPU
	EndGlobalSection
	GlobalSection(ProjectConfigurationPlatforms) = postSolution
		{E299B7BC-59BE-423C-AC7F-AF8A7B4EF684}.Debug|Any CPU.ActiveCfg = Debug|Any CPU
		{E299B7BC-59BE-423C-AC7F-AF8A7B4EF684}.Debug|Any CPU.Build.0 = Debug|Any CPU
		{E299B7BC-59BE-423C-AC7F-AF8A7B4EF684}.Release|Any CPU.ActiveCfg = Release|Any CPU
		{E299B7BC-59BE-423C-AC7F-AF8A7B4EF684}.Release|Any CPU.Build.0 = Release|Any CPU
	EndGlobalSection
	GlobalSection(SolutionProperties) = preSolution
		HideSolutionNode = FALSE
	EndGlobalSection
	GlobalSection(ExtensibilityGlobals) = postSolution
		SolutionGuid = {4AAB3632-9111-4D4C-BC98-A71E416E01B5}
	EndGlobalSection
EndGlobal
